
Microsoft Visual Studio Solution File, Format Version 11.00
# Visual Studio 2010
Project("{FAE04EC0-301F-11D3-BF4B-00C04F79EFBC}") = "Assembly-CSharp", "Assembly-CSharp.csproj", "{74208fb6-1269-4779-0d49-0e7c7d33ef09}"
EndProject
Global
	GlobalSection(SolutionConfigurationPlatforms) = preSolution
		Debug|Any CPU = Debug|Any CPU
		Release|Any CPU = Release|Any CPU
	EndGlobalSection
	GlobalSection(ProjectConfigurationPlatforms) = postSolution
		{74208fb6-1269-4779-0d49-0e7c7d33ef09}.Debug|Any CPU.ActiveCfg = Debug|Any CPU
		{74208fb6-1269-4779-0d49-0e7c7d33ef09}.Debug|Any CPU.Build.0 = Debug|Any CPU
		{74208fb6-1269-4779-0d49-0e7c7d33ef09}.Release|Any CPU.ActiveCfg = Release|Any CPU
		{74208fb6-1269-4779-0d49-0e7c7d33ef09}.Release|Any CPU.Build.0 = Release|Any CPU
	EndGlobalSection
	GlobalSection(SolutionProperties) = preSolution
		HideSolutionNode = FALSE
	EndGlobalSection
EndGlobal
